
Microsoft Visual Studio Solution File, Format Version 12.00
# Visual Studio Version 16
VisualStudioVersion = 16.0.30114.105
MinimumVisualStudioVersion = 10.0.40219.1
Project("{FAE04EC0-301F-11D3-BF4B-00C04F79EFBC}") = "API", "API\API.csproj", "{5C17BA05-9D25-4354-94DF-C3D21BC5D69F}"
EndProject
Project("{FAE04EC0-301F-11D3-BF4B-00C04F79EFBC}") = "Persistance", "Persistance\Persistance.csproj", "{647120AE-10A6-4839-8CF3-CFB7EE0099B6}"
EndProject
Project("{FAE04EC0-301F-11D3-BF4B-00C04F79EFBC}") = "Domain", "Domain\Domain.csproj", "{1C4DA9C5-4ACC-4693-8477-BB5D06E1F03E}"
EndProject
Global
	GlobalSection(SolutionConfigurationPlatforms) = preSolution
		Debug|Any CPU = Debug|Any CPU
		Debug|x64 = Debug|x64
		Debug|x86 = Debug|x86
		Release|Any CPU = Release|Any CPU
		Release|x64 = Release|x64
		Release|x86 = Release|x86
	EndGlobalSection
	GlobalSection(SolutionProperties) = preSolution
		HideSolutionNode = FALSE
	EndGlobalSection
	GlobalSection(ProjectConfigurationPlatforms) = postSolution
		{5C17BA05-9D25-4354-94DF-C3D21BC5D69F}.Debug|Any CPU.ActiveCfg = Debug|Any CPU
		{5C17BA05-9D25-4354-94DF-C3D21BC5D69F}.Debug|Any CPU.Build.0 = Debug|Any CPU
		{5C17BA05-9D25-4354-94DF-C3D21BC5D69F}.Debug|x64.ActiveCfg = Debug|Any CPU
		{5C17BA05-9D25-4354-94DF-C3D21BC5D69F}.Debug|x64.Build.0 = Debug|Any CPU
		{5C17BA05-9D25-4354-94DF-C3D21BC5D69F}.Debug|x86.ActiveCfg = Debug|Any CPU
		{5C17BA05-9D25-4354-94DF-C3D21BC5D69F}.Debug|x86.Build.0 = Debug|Any CPU
		{5C17BA05-9D25-4354-94DF-C3D21BC5D69F}.Release|Any CPU.ActiveCfg = Release|Any CPU
		{5C17BA05-9D25-4354-94DF-C3D21BC5D69F}.Release|Any CPU.Build.0 = Release|Any CPU
		{5C17BA05-9D25-4354-94DF-C3D21BC5D69F}.Release|x64.ActiveCfg = Release|Any CPU
		{5C17BA05-9D25-4354-94DF-C3D21BC5D69F}.Release|x64.Build.0 = Release|Any CPU
		{5C17BA05-9D25-4354-94DF-C3D21BC5D69F}.Release|x86.ActiveCfg = Release|Any CPU
		{5C17BA05-9D25-4354-94DF-C3D21BC5D69F}.Release|x86.Build.0 = Release|Any CPU
		{647120AE-10A6-4839-8CF3-CFB7EE0099B6}.Debug|Any CPU.ActiveCfg = Debug|Any CPU
		{647120AE-10A6-4839-8CF3-CFB7EE0099B6}.Debug|Any CPU.Build.0 = Debug|Any CPU
		{647120AE-10A6-4839-8CF3-CFB7EE0099B6}.Debug|x64.ActiveCfg = Debug|Any CPU
		{647120AE-10A6-4839-8CF3-CFB7EE0099B6}.Debug|x64.Build.0 = Debug|Any CPU
		{647120AE-10A6-4839-8CF3-CFB7EE0099B6}.Debug|x86.ActiveCfg = Debug|Any CPU
		{647120AE-10A6-4839-8CF3-CFB7EE0099B6}.Debug|x86.Build.0 = Debug|Any CPU
		{647120AE-10A6-4839-8CF3-CFB7EE0099B6}.Release|Any CPU.ActiveCfg = Release|Any CPU
		{647120AE-10A6-4839-8CF3-CFB7EE0099B6}.Release|Any CPU.Build.0 = Release|Any CPU
		{647120AE-10A6-4839-8CF3-CFB7EE0099B6}.Release|x64.ActiveCfg = Release|Any CPU
		{647120AE-10A6-4839-8CF3-CFB7EE0099B6}.Release|x64.Build.0 = Release|Any CPU
		{647120AE-10A6-4839-8CF3-CFB7EE0099B6}.Release|x86.ActiveCfg = Release|Any CPU
		{647120AE-10A6-4839-8CF3-CFB7EE0099B6}.Release|x86.Build.0 = Release|Any CPU
		{1C4DA9C5-4ACC-4693-8477-BB5D06E1F03E}.Debug|Any CPU.ActiveCfg = Debug|Any CPU
		{1C4DA9C5-4ACC-4693-8477-BB5D06E1F03E}.Debug|Any CPU.Build.0 = Debug|Any CPU
		{1C4DA9C5-4ACC-4693-8477-BB5D06E1F03E}.Debug|x64.ActiveCfg = Debug|Any CPU
		{1C4DA9C5-4ACC-4693-8477-BB5D06E1F03E}.Debug|x64.Build.0 = Debug|Any CPU
		{1C4DA9C5-4ACC-4693-8477-BB5D06E1F03E}.Debug|x86.ActiveCfg = Debug|Any CPU
		{1C4DA9C5-4ACC-4693-8477-BB5D06E1F03E}.Debug|x86.Build.0 = Debug|Any CPU
		{1C4DA9C5-4ACC-4693-8477-BB5D06E1F03E}.Release|Any CPU.ActiveCfg = Release|Any CPU
		{1C4DA9C5-4ACC-4693-8477-BB5D06E1F03E}.Release|Any CPU.Build.0 = Release|Any CPU
		{1C4DA9C5-4ACC-4693-8477-BB5D06E1F03E}.Release|x64.ActiveCfg = Release|Any CPU
		{1C4DA9C5-4ACC-4693-8477-BB5D06E1F03E}.Release|x64.Build.0 = Release|Any CPU
		{1C4DA9C5-4ACC-4693-8477-BB5D06E1F03E}.Release|x86.ActiveCfg = Release|Any CPU
		{1C4DA9C5-4ACC-4693-8477-BB5D06E1F03E}.Release|x86.Build.0 = Release|Any CPU
	EndGlobalSection
EndGlobal
